
Microsoft Visual Studio Solution File, Format Version 12.00
# Visual Studio Version 16
VisualStudioVersion = 16.0.29728.190
MinimumVisualStudioVersion = 10.0.40219.1
Project("{FAE04EC0-301F-11D3-BF4B-00C04F79EFBC}") = "ex6.3", "ex6.3\ex6.3.csproj", "{A6D897E2-B542-4A9F-9D5B-D0FF47B66A33}"
EndProject
Project("{FAE04EC0-301F-11D3-BF4B-00C04F79EFBC}") = "ex6.8", "ex6.8\ex6.8.csproj", "{731D055B-EBBE-4CBF-899F-A9227D19C881}"
EndProject
Project("{FAE04EC0-301F-11D3-BF4B-00C04F79EFBC}") = "ex6.9", "ex6.9\ex6.9.csproj", "{FAA405FF-22EF-4201-B8D1-B0FB0B9AD563}"
EndProject
Project("{FAE04EC0-301F-11D3-BF4B-00C04F79EFBC}") = "ex6.11", "ex6.11\ex6.11.csproj", "{525C4AC0-C2AD-40D8-B6CF-E572D65B9C6B}"
EndProject
Global
	GlobalSection(SolutionConfigurationPlatforms) = preSolution
		Debug|Any CPU = Debug|Any CPU
		Release|Any CPU = Release|Any CPU
	EndGlobalSection
	GlobalSection(ProjectConfigurationPlatforms) = postSolution
		{A6D897E2-B542-4A9F-9D5B-D0FF47B66A33}.Debug|Any CPU.ActiveCfg = Debug|Any CPU
		{A6D897E2-B542-4A9F-9D5B-D0FF47B66A33}.Debug|Any CPU.Build.0 = Debug|Any CPU
		{A6D897E2-B542-4A9F-9D5B-D0FF47B66A33}.Release|Any CPU.ActiveCfg = Release|Any CPU
		{A6D897E2-B542-4A9F-9D5B-D0FF47B66A33}.Release|Any CPU.Build.0 = Release|Any CPU
		{731D055B-EBBE-4CBF-899F-A9227D19C881}.Debug|Any CPU.ActiveCfg = Debug|Any CPU
		{731D055B-EBBE-4CBF-899F-A9227D19C881}.Debug|Any CPU.Build.0 = Debug|Any CPU
		{731D055B-EBBE-4CBF-899F-A9227D19C881}.Release|Any CPU.ActiveCfg = Release|Any CPU
		{731D055B-EBBE-4CBF-899F-A9227D19C881}.Release|Any CPU.Build.0 = Release|Any CPU
		{FAA405FF-22EF-4201-B8D1-B0FB0B9AD563}.Debug|Any CPU.ActiveCfg = Debug|Any CPU
		{FAA405FF-22EF-4201-B8D1-B0FB0B9AD563}.Debug|Any CPU.Build.0 = Debug|Any CPU
		{FAA405FF-22EF-4201-B8D1-B0FB0B9AD563}.Release|Any CPU.ActiveCfg = Release|Any CPU
		{FAA405FF-22EF-4201-B8D1-B0FB0B9AD563}.Release|Any CPU.Build.0 = Release|Any CPU
		{525C4AC0-C2AD-40D8-B6CF-E572D65B9C6B}.Debug|Any CPU.ActiveCfg = Debug|Any CPU
		{525C4AC0-C2AD-40D8-B6CF-E572D65B9C6B}.Debug|Any CPU.Build.0 = Debug|Any CPU
		{525C4AC0-C2AD-40D8-B6CF-E572D65B9C6B}.Release|Any CPU.ActiveCfg = Release|Any CPU
		{525C4AC0-C2AD-40D8-B6CF-E572D65B9C6B}.Release|Any CPU.Build.0 = Release|Any CPU
	EndGlobalSection
	GlobalSection(SolutionProperties) = preSolution
		HideSolutionNode = FALSE
	EndGlobalSection
	GlobalSection(ExtensibilityGlobals) = postSolution
		SolutionGuid = {935827BA-AF94-45CD-A95C-E8A46ECE3334}
	EndGlobalSection
EndGlobal
